
Microsoft Visual Studio Solution File, Format Version 12.00
# Visual Studio 2012
Project("{FAE04EC0-301F-11D3-BF4B-00C04F79EFBC}") = "Telehire.Web", "Telehire.Web\Telehire.Web.csproj", "{D7B09F2A-CCEF-41D0-851E-4C2CF6B72D57}"
EndProject
Project("{FAE04EC0-301F-11D3-BF4B-00C04F79EFBC}") = "Telehire.BusinessLogic", "Telehire.BusinessLogic\Telehire.BusinessLogic.csproj", "{C2BADC77-2053-4988-8CDF-0A8488B6888C}"
EndProject
Project("{FAE04EC0-301F-11D3-BF4B-00C04F79EFBC}") = "Telehire.Test", "Telehire.Test\Telehire.Test.csproj", "{965559CC-EFF3-4C30-8841-C6D197A452DA}"
EndProject
Global
	GlobalSection(SolutionConfigurationPlatforms) = preSolution
		Debug|Any CPU = Debug|Any CPU
		Release|Any CPU = Release|Any CPU
	EndGlobalSection
	GlobalSection(ProjectConfigurationPlatforms) = postSolution
		{D7B09F2A-CCEF-41D0-851E-4C2CF6B72D57}.Debug|Any CPU.ActiveCfg = Debug|Any CPU
		{D7B09F2A-CCEF-41D0-851E-4C2CF6B72D57}.Debug|Any CPU.Build.0 = Debug|Any CPU
		{D7B09F2A-CCEF-41D0-851E-4C2CF6B72D57}.Release|Any CPU.ActiveCfg = Release|Any CPU
		{D7B09F2A-CCEF-41D0-851E-4C2CF6B72D57}.Release|Any CPU.Build.0 = Release|Any CPU
		{C2BADC77-2053-4988-8CDF-0A8488B6888C}.Debug|Any CPU.ActiveCfg = Debug|Any CPU
		{C2BADC77-2053-4988-8CDF-0A8488B6888C}.Debug|Any CPU.Build.0 = Debug|Any CPU
		{C2BADC77-2053-4988-8CDF-0A8488B6888C}.Release|Any CPU.ActiveCfg = Release|Any CPU
		{C2BADC77-2053-4988-8CDF-0A8488B6888C}.Release|Any CPU.Build.0 = Release|Any CPU
		{965559CC-EFF3-4C30-8841-C6D197A452DA}.Debug|Any CPU.ActiveCfg = Debug|Any CPU
		{965559CC-EFF3-4C30-8841-C6D197A452DA}.Debug|Any CPU.Build.0 = Debug|Any CPU
		{965559CC-EFF3-4C30-8841-C6D197A452DA}.Release|Any CPU.ActiveCfg = Release|Any CPU
		{965559CC-EFF3-4C30-8841-C6D197A452DA}.Release|Any CPU.Build.0 = Release|Any CPU
	EndGlobalSection
	GlobalSection(SolutionProperties) = preSolution
		HideSolutionNode = FALSE
	EndGlobalSection
EndGlobal
